
Microsoft Visual Studio Solution File, Format Version 12.00
# Visual Studio Version 17
VisualStudioVersion = 17.9.34723.18
MinimumVisualStudioVersion = 10.0.40219.1
Project("{2150E333-8FDC-42A3-9474-1A3956D46DE8}") = "ShopManagment", "ShopManagment", "{83145F08-A26B-4189-BEB8-41DB669A0D22}"
EndProject
Project("{9A19103F-16F7-4668-BE54-9A1E7A4F7556}") = "0_Freamwork", "0_Freamwork\0_Freamwork.csproj", "{80AA2388-72C2-4EB9-BB5D-AB4463B2783A}"
EndProject
Project("{9A19103F-16F7-4668-BE54-9A1E7A4F7556}") = "ServiceHost", "ServiceHost\ServiceHost.csproj", "{43676167-C7EA-4BC0-85C2-A5BE6264E968}"
EndProject
Project("{2150E333-8FDC-42A3-9474-1A3956D46DE8}") = "SM.Application", "SM.Application", "{9D7DB86C-941B-474A-96B9-3616049B9EAA}"
EndProject
Project("{FAE04EC0-301F-11D3-BF4B-00C04F79EFBC}") = "ShopManagment.Application", "ShopManagment\SM.Application\ShopManagment.Application\ShopManagment.Application.csproj", "{B875D569-0B3A-4B0A-BE8B-F19B6FBD9971}"
EndProject
Project("{FAE04EC0-301F-11D3-BF4B-00C04F79EFBC}") = "ShopManagment.Application.Contracts", "ShopManagment\SM.Application\ShopManagment.Application.Contracts\ShopManagment.Application.Contracts.csproj", "{EAD7094D-4A63-401B-854A-36F642046543}"
EndProject
Project("{2150E333-8FDC-42A3-9474-1A3956D46DE8}") = "SM.Domain", "SM.Domain", "{79A7FFE0-D106-4D29-86FF-70349D633EBC}"
EndProject
Project("{FAE04EC0-301F-11D3-BF4B-00C04F79EFBC}") = "ShopManagment.Domain", "ShopManagment\SM.Domain\ShopManagment.Domain\ShopManagment.Domain.csproj", "{AD341165-9CE9-4F66-B754-D04F76158D7F}"
EndProject
Project("{2150E333-8FDC-42A3-9474-1A3956D46DE8}") = "SM.Infrastructure", "SM.Infrastructure", "{9DC2E052-A7FF-4D75-9BBA-45D9F3FBF541}"
EndProject
Project("{FAE04EC0-301F-11D3-BF4B-00C04F79EFBC}") = "ShopManagment.Infrastructure.Configuration", "ShopManagment\SM.Infrastructure\ShopManagment.Infrastructure.Configuration\ShopManagment.Infrastructure.Configuration.csproj", "{2BF1CB62-F1E1-402F-9FB3-F2B9E1881BD7}"
EndProject
Project("{FAE04EC0-301F-11D3-BF4B-00C04F79EFBC}") = "ShopManagment.Infrastructure.EFCore", "ShopManagment\SM.Infrastructure\ShopManagment.Infrastructure.EFCore\ShopManagment.Infrastructure.EFCore.csproj", "{38349CEE-BA88-46D2-B7C1-6112D155B46E}"
EndProject
Project("{FAE04EC0-301F-11D3-BF4B-00C04F79EFBC}") = "01_LampShadeQuery", "01_LampShadeQuery\01_LampShadeQuery.csproj", "{7A10AD0B-C606-464F-A8D4-485C0F871BB5}"
EndProject
Project("{2150E333-8FDC-42A3-9474-1A3956D46DE8}") = "DiscountManagement", "DiscountManagement", "{C1FC15CE-23CD-4CEB-A8AA-2D47B2D541A0}"
EndProject
Project("{2150E333-8FDC-42A3-9474-1A3956D46DE8}") = "DM.Domain", "DM.Domain", "{04BE3FCD-4F4D-4E8C-8147-AA61536117FE}"
EndProject
Project("{FAE04EC0-301F-11D3-BF4B-00C04F79EFBC}") = "DiscountManagement.Domain", "DiscountManagement\DM.Domain\DiscountManagement.Domain\DiscountManagement.Domain.csproj", "{83BDBC4C-EC36-407F-8186-4B00930320DE}"
EndProject
Project("{2150E333-8FDC-42A3-9474-1A3956D46DE8}") = "DM.Application", "DM.Application", "{598227A0-EAA8-49D4-949D-1335AB24155C}"
EndProject
Project("{FAE04EC0-301F-11D3-BF4B-00C04F79EFBC}") = "DiscountMangement.Application.Contract", "DiscountManagement\DM.Application\DiscountMangement.Application.Contract\DiscountMangement.Application.Contract.csproj", "{47F9BEC5-A0E1-44DF-A1A2-DE2FCB034F96}"
EndProject
Project("{FAE04EC0-301F-11D3-BF4B-00C04F79EFBC}") = "DiscountManagement.Application", "DiscountManagement\DM.Application\DiscountManagement.Application\DiscountManagement.Application.csproj", "{8565DEE5-4DE3-4DEA-BC0B-BE3B7F5B0287}"
EndProject
Project("{2150E333-8FDC-42A3-9474-1A3956D46DE8}") = "DM.Infrastructure", "DM.Infrastructure", "{88F3A0C3-0218-4F40-9CF0-3D46AA3792CE}"
EndProject
Project("{FAE04EC0-301F-11D3-BF4B-00C04F79EFBC}") = "DiscountManagement.Infrastructure.EFCore", "DiscountManagement\DM.Infrastructure\DiscountManagement.Infrastructure.EFCore\DiscountManagement.Infrastructure.EFCore.csproj", "{47FA1BFD-6DA0-412F-9E88-1D98114E9023}"
EndProject
Project("{FAE04EC0-301F-11D3-BF4B-00C04F79EFBC}") = "DiscountManagement.Infrastructure.Configuration", "DiscountManagement\DM.Infrastructure\DiscountManagement.Infrastructure.Configuration\DiscountManagement.Infrastructure.Configuration.csproj", "{6799B714-8428-48E0-9BE9-24C9DC0A97A3}"
EndProject
Global
	GlobalSection(SolutionConfigurationPlatforms) = preSolution
		Debug|Any CPU = Debug|Any CPU
		Release|Any CPU = Release|Any CPU
	EndGlobalSection
	GlobalSection(ProjectConfigurationPlatforms) = postSolution
		{80AA2388-72C2-4EB9-BB5D-AB4463B2783A}.Debug|Any CPU.ActiveCfg = Debug|Any CPU
		{80AA2388-72C2-4EB9-BB5D-AB4463B2783A}.Debug|Any CPU.Build.0 = Debug|Any CPU
		{80AA2388-72C2-4EB9-BB5D-AB4463B2783A}.Release|Any CPU.ActiveCfg = Release|Any CPU
		{80AA2388-72C2-4EB9-BB5D-AB4463B2783A}.Release|Any CPU.Build.0 = Release|Any CPU
		{43676167-C7EA-4BC0-85C2-A5BE6264E968}.Debug|Any CPU.ActiveCfg = Debug|Any CPU
		{43676167-C7EA-4BC0-85C2-A5BE6264E968}.Debug|Any CPU.Build.0 = Debug|Any CPU
		{43676167-C7EA-4BC0-85C2-A5BE6264E968}.Release|Any CPU.ActiveCfg = Release|Any CPU
		{43676167-C7EA-4BC0-85C2-A5BE6264E968}.Release|Any CPU.Build.0 = Release|Any CPU
		{B875D569-0B3A-4B0A-BE8B-F19B6FBD9971}.Debug|Any CPU.ActiveCfg = Debug|Any CPU
		{B875D569-0B3A-4B0A-BE8B-F19B6FBD9971}.Debug|Any CPU.Build.0 = Debug|Any CPU
		{B875D569-0B3A-4B0A-BE8B-F19B6FBD9971}.Release|Any CPU.ActiveCfg = Release|Any CPU
		{B875D569-0B3A-4B0A-BE8B-F19B6FBD9971}.Release|Any CPU.Build.0 = Release|Any CPU
		{EAD7094D-4A63-401B-854A-36F642046543}.Debug|Any CPU.ActiveCfg = Debug|Any CPU
		{EAD7094D-4A63-401B-854A-36F642046543}.Debug|Any CPU.Build.0 = Debug|Any CPU
		{EAD7094D-4A63-401B-854A-36F642046543}.Release|Any CPU.ActiveCfg = Release|Any CPU
		{EAD7094D-4A63-401B-854A-36F642046543}.Release|Any CPU.Build.0 = Release|Any CPU
		{AD341165-9CE9-4F66-B754-D04F76158D7F}.Debug|Any CPU.ActiveCfg = Debug|Any CPU
		{AD341165-9CE9-4F66-B754-D04F76158D7F}.Debug|Any CPU.Build.0 = Debug|Any CPU
		{AD341165-9CE9-4F66-B754-D04F76158D7F}.Release|Any CPU.ActiveCfg = Release|Any CPU
		{AD341165-9CE9-4F66-B754-D04F76158D7F}.Release|Any CPU.Build.0 = Release|Any CPU
		{2BF1CB62-F1E1-402F-9FB3-F2B9E1881BD7}.Debug|Any CPU.ActiveCfg = Debug|Any CPU
		{2BF1CB62-F1E1-402F-9FB3-F2B9E1881BD7}.Debug|Any CPU.Build.0 = Debug|Any CPU
		{2BF1CB62-F1E1-402F-9FB3-F2B9E1881BD7}.Release|Any CPU.ActiveCfg = Release|Any CPU
		{2BF1CB62-F1E1-402F-9FB3-F2B9E1881BD7}.Release|Any CPU.Build.0 = Release|Any CPU
		{38349CEE-BA88-46D2-B7C1-6112D155B46E}.Debug|Any CPU.ActiveCfg = Debug|Any CPU
		{38349CEE-BA88-46D2-B7C1-6112D155B46E}.Debug|Any CPU.Build.0 = Debug|Any CPU
		{38349CEE-BA88-46D2-B7C1-6112D155B46E}.Release|Any CPU.ActiveCfg = Release|Any CPU
		{38349CEE-BA88-46D2-B7C1-6112D155B46E}.Release|Any CPU.Build.0 = Release|Any CPU
		{7A10AD0B-C606-464F-A8D4-485C0F871BB5}.Debug|Any CPU.ActiveCfg = Debug|Any CPU
		{7A10AD0B-C606-464F-A8D4-485C0F871BB5}.Debug|Any CPU.Build.0 = Debug|Any CPU
		{7A10AD0B-C606-464F-A8D4-485C0F871BB5}.Release|Any CPU.ActiveCfg = Release|Any CPU
		{7A10AD0B-C606-464F-A8D4-485C0F871BB5}.Release|Any CPU.Build.0 = Release|Any CPU
		{83BDBC4C-EC36-407F-8186-4B00930320DE}.Debug|Any CPU.ActiveCfg = Debug|Any CPU
		{83BDBC4C-EC36-407F-8186-4B00930320DE}.Debug|Any CPU.Build.0 = Debug|Any CPU
		{83BDBC4C-EC36-407F-8186-4B00930320DE}.Release|Any CPU.ActiveCfg = Release|Any CPU
		{83BDBC4C-EC36-407F-8186-4B00930320DE}.Release|Any CPU.Build.0 = Release|Any CPU
		{47F9BEC5-A0E1-44DF-A1A2-DE2FCB034F96}.Debug|Any CPU.ActiveCfg = Debug|Any CPU
		{47F9BEC5-A0E1-44DF-A1A2-DE2FCB034F96}.Debug|Any CPU.Build.0 = Debug|Any CPU
		{47F9BEC5-A0E1-44DF-A1A2-DE2FCB034F96}.Release|Any CPU.ActiveCfg = Release|Any CPU
		{47F9BEC5-A0E1-44DF-A1A2-DE2FCB034F96}.Release|Any CPU.Build.0 = Release|Any CPU
		{8565DEE5-4DE3-4DEA-BC0B-BE3B7F5B0287}.Debug|Any CPU.ActiveCfg = Debug|Any CPU
		{8565DEE5-4DE3-4DEA-BC0B-BE3B7F5B0287}.Debug|Any CPU.Build.0 = Debug|Any CPU
		{8565DEE5-4DE3-4DEA-BC0B-BE3B7F5B0287}.Release|Any CPU.ActiveCfg = Release|Any CPU
		{8565DEE5-4DE3-4DEA-BC0B-BE3B7F5B0287}.Release|Any CPU.Build.0 = Release|Any CPU
		{47FA1BFD-6DA0-412F-9E88-1D98114E9023}.Debug|Any CPU.ActiveCfg = Debug|Any CPU
		{47FA1BFD-6DA0-412F-9E88-1D98114E9023}.Debug|Any CPU.Build.0 = Debug|Any CPU
		{47FA1BFD-6DA0-412F-9E88-1D98114E9023}.Release|Any CPU.ActiveCfg = Release|Any CPU
		{47FA1BFD-6DA0-412F-9E88-1D98114E9023}.Release|Any CPU.Build.0 = Release|Any CPU
		{6799B714-8428-48E0-9BE9-24C9DC0A97A3}.Debug|Any CPU.ActiveCfg = Debug|Any CPU
		{6799B714-8428-48E0-9BE9-24C9DC0A97A3}.Debug|Any CPU.Build.0 = Debug|Any CPU
		{6799B714-8428-48E0-9BE9-24C9DC0A97A3}.Release|Any CPU.ActiveCfg = Release|Any CPU
		{6799B714-8428-48E0-9BE9-24C9DC0A97A3}.Release|Any CPU.Build.0 = Release|Any CPU
	EndGlobalSection
	GlobalSection(SolutionProperties) = preSolution
		HideSolutionNode = FALSE
	EndGlobalSection
	GlobalSection(NestedProjects) = preSolution
		{9D7DB86C-941B-474A-96B9-3616049B9EAA} = {83145F08-A26B-4189-BEB8-41DB669A0D22}
		{B875D569-0B3A-4B0A-BE8B-F19B6FBD9971} = {9D7DB86C-941B-474A-96B9-3616049B9EAA}
		{EAD7094D-4A63-401B-854A-36F642046543} = {9D7DB86C-941B-474A-96B9-3616049B9EAA}
		{79A7FFE0-D106-4D29-86FF-70349D633EBC} = {83145F08-A26B-4189-BEB8-41DB669A0D22}
		{AD341165-9CE9-4F66-B754-D04F76158D7F} = {79A7FFE0-D106-4D29-86FF-70349D633EBC}
		{9DC2E052-A7FF-4D75-9BBA-45D9F3FBF541} = {83145F08-A26B-4189-BEB8-41DB669A0D22}
		{2BF1CB62-F1E1-402F-9FB3-F2B9E1881BD7} = {9DC2E052-A7FF-4D75-9BBA-45D9F3FBF541}
		{38349CEE-BA88-46D2-B7C1-6112D155B46E} = {9DC2E052-A7FF-4D75-9BBA-45D9F3FBF541}
		{04BE3FCD-4F4D-4E8C-8147-AA61536117FE} = {C1FC15CE-23CD-4CEB-A8AA-2D47B2D541A0}
		{83BDBC4C-EC36-407F-8186-4B00930320DE} = {04BE3FCD-4F4D-4E8C-8147-AA61536117FE}
		{598227A0-EAA8-49D4-949D-1335AB24155C} = {C1FC15CE-23CD-4CEB-A8AA-2D47B2D541A0}
		{47F9BEC5-A0E1-44DF-A1A2-DE2FCB034F96} = {598227A0-EAA8-49D4-949D-1335AB24155C}
		{8565DEE5-4DE3-4DEA-BC0B-BE3B7F5B0287} = {598227A0-EAA8-49D4-949D-1335AB24155C}
		{88F3A0C3-0218-4F40-9CF0-3D46AA3792CE} = {C1FC15CE-23CD-4CEB-A8AA-2D47B2D541A0}
		{47FA1BFD-6DA0-412F-9E88-1D98114E9023} = {88F3A0C3-0218-4F40-9CF0-3D46AA3792CE}
		{6799B714-8428-48E0-9BE9-24C9DC0A97A3} = {88F3A0C3-0218-4F40-9CF0-3D46AA3792CE}
	EndGlobalSection
	GlobalSection(ExtensibilityGlobals) = postSolution
		SolutionGuid = {202AB239-D282-4A08-9992-3A9B1A4400AD}
	EndGlobalSection
EndGlobal
